Microsoft Visual Studio Solution File, Format Version 12.00
# Visual Studio 15
VisualStudioVersion = 15.0.27703.2000
MinimumVisualStudioVersion = 10.0.40219.1
Project("{9A19103F-16F7-4668-BE54-9A1E7A4F7556}") = "XamU.Infrastructure", "XamU.Infrastructure\XamU.Infrastructure.csproj", "{67F9D3A8-F71E-4428-913F-C37AE82CDB24}"
EndProject
Project("{9A19103F-16F7-4668-BE54-9A1E7A4F7556}") = "XamU.Core", "XamU.Core\XamU.Core.csproj", "{8F2F8275-08CE-4884-8BFA-F059EEE2BB1C}"
EndProject
Project("{FAE04EC0-301F-11D3-BF4B-00C04F79EFBC}") = "XamU.Infrastructure.Tests", "XamU.Infrastructure.Tests\XamU.Infrastructure.Tests.csproj", "{E039844A-C9D4-4FC7-9CB3-05BBA10F9C6F}"
EndProject
Global
	GlobalSection(SolutionConfigurationPlatforms) = preSolution
		Debug|Any CPU = Debug|Any CPU
		Release|Any CPU = Release|Any CPU
	EndGlobalSection
	GlobalSection(ProjectConfigurationPlatforms) = postSolution
		{67F9D3A8-F71E-4428-913F-C37AE82CDB24}.Debug|Any CPU.ActiveCfg = Debug|Any CPU
		{67F9D3A8-F71E-4428-913F-C37AE82CDB24}.Debug|Any CPU.Build.0 = Debug|Any CPU
		{67F9D3A8-F71E-4428-913F-C37AE82CDB24}.Release|Any CPU.ActiveCfg = Release|Any CPU
		{67F9D3A8-F71E-4428-913F-C37AE82CDB24}.Release|Any CPU.Build.0 = Release|Any CPU
		{8F2F8275-08CE-4884-8BFA-F059EEE2BB1C}.Debug|Any CPU.ActiveCfg = Debug|Any CPU
		{8F2F8275-08CE-4884-8BFA-F059EEE2BB1C}.Debug|Any CPU.Build.0 = Debug|Any CPU
		{8F2F8275-08CE-4884-8BFA-F059EEE2BB1C}.Release|Any CPU.ActiveCfg = Release|Any CPU
		{8F2F8275-08CE-4884-8BFA-F059EEE2BB1C}.Release|Any CPU.Build.0 = Release|Any CPU
		{E039844A-C9D4-4FC7-9CB3-05BBA10F9C6F}.Debug|Any CPU.ActiveCfg = Debug|Any CPU
		{E039844A-C9D4-4FC7-9CB3-05BBA10F9C6F}.Debug|Any CPU.Build.0 = Debug|Any CPU
		{E039844A-C9D4-4FC7-9CB3-05BBA10F9C6F}.Release|Any CPU.ActiveCfg = Release|Any CPU
		{E039844A-C9D4-4FC7-9CB3-05BBA10F9C6F}.Release|Any CPU.Build.0 = Release|Any CPU
	EndGlobalSection
	GlobalSection(SolutionProperties) = preSolution
		HideSolutionNode = FALSE
	EndGlobalSection
	GlobalSection(ExtensibilityGlobals) = postSolution
		SolutionGuid = {BDE61DED-8003-40AB-949A-4ECABC0F66CE}
	EndGlobalSection
EndGlobal
